// !$*UTF8*$!
{
	archiveVersion = 1;
	classes = {
	};
	objectVersion = 56;
	objects = {

/* Begin PBXBuildFile section */
		4D2E60D029E5BCE500681E8E /* MarkerView.swift in Sources */ = {isa = PBXBuildFile; fileRef = 4D2E60CF29E5BCE500681E8E /* MarkerView.swift */; };
		4D2E60D229E5CEC200681E8E /* MarkerIconModel.swift in Sources */ = {isa = PBXBuildFile; fileRef = 4D2E60D129E5CEC200681E8E /* MarkerIconModel.swift */; };
		4D2E60D429E5D3AB00681E8E /* MarkerInfoModel.swift in Sources */ = {isa = PBXBuildFile; fileRef = 4D2E60D329E5D3AB00681E8E /* MarkerInfoModel.swift */; };
		4D2E60D629E5D71700681E8E /* Labels.swift in Sources */ = {isa = PBXBuildFile; fileRef = 4D2E60D529E5D71700681E8E /* Labels.swift */; };
		4D2E60D829E5D82500681E8E /* Spacings.swift in Sources */ = {isa = PBXBuildFile; fileRef = 4D2E60D729E5D82500681E8E /* Spacings.swift */; };
		4D4A3D1429E6E02100B80C12 /* DetailViewController.swift in Sources */ = {isa = PBXBuildFile; fileRef = 4D4A3D1329E6E02100B80C12 /* DetailViewController.swift */; };
		4D4A3D1C29E6E32800B80C12 /* DetailInput.swift in Sources */ = {isa = PBXBuildFile; fileRef = 4D4A3D1B29E6E32800B80C12 /* DetailInput.swift */; };
		4D4A3D1E29E6E33000B80C12 /* DetailOutput.swift in Sources */ = {isa = PBXBuildFile; fileRef = 4D4A3D1D29E6E33000B80C12 /* DetailOutput.swift */; };
		4D4A3D2029E6E33900B80C12 /* DetailViewModel.swift in Sources */ = {isa = PBXBuildFile; fileRef = 4D4A3D1F29E6E33900B80C12 /* DetailViewModel.swift */; };
		4D4A3D2229E6F5A700B80C12 /* DetailCellModel.swift in Sources */ = {isa = PBXBuildFile; fileRef = 4D4A3D2129E6F5A700B80C12 /* DetailCellModel.swift */; };
		4D4A3D2429E6F85C00B80C12 /* DetailViewCell.swift in Sources */ = {isa = PBXBuildFile; fileRef = 4D4A3D2329E6F85C00B80C12 /* DetailViewCell.swift */; };
		4DC3A04F29E6B3D900588ABA /* AlertModel.swift in Sources */ = {isa = PBXBuildFile; fileRef = 4DC3A04E29E6B3D900588ABA /* AlertModel.swift */; };
		4DE747BB29E42194006C5308 /* AppDelegate.swift in Sources */ = {isa = PBXBuildFile; fileRef = 4DE747BA29E42194006C5308 /* AppDelegate.swift */; };
		4DE747BD29E42194006C5308 /* SceneDelegate.swift in Sources */ = {isa = PBXBuildFile; fileRef = 4DE747BC29E42194006C5308 /* SceneDelegate.swift */; };
		4DE747BF29E42194006C5308 /* HomeViewController.swift in Sources */ = {isa = PBXBuildFile; fileRef = 4DE747BE29E42194006C5308 /* HomeViewController.swift */; };
		4DE747C429E42198006C5308 /* Assets.xcassets in Resources */ = {isa = PBXBuildFile; fileRef = 4DE747C329E42198006C5308 /* Assets.xcassets */; };
		4DE747C729E42198006C5308 /* LaunchScreen.storyboard in Resources */ = {isa = PBXBuildFile; fileRef = 4DE747C529E42198006C5308 /* LaunchScreen.storyboard */; };
		4DE747D229E42199006C5308 /* MeepTests.swift in Sources */ = {isa = PBXBuildFile; fileRef = 4DE747D129E42199006C5308 /* MeepTests.swift */; };
		4DE747DC29E42199006C5308 /* MeepUITests.swift in Sources */ = {isa = PBXBuildFile; fileRef = 4DE747DB29E42199006C5308 /* MeepUITests.swift */; };
		4DE747DE29E42199006C5308 /* MeepUITestsLaunchTests.swift in Sources */ = {isa = PBXBuildFile; fileRef = 4DE747DD29E42199006C5308 /* MeepUITestsLaunchTests.swift */; };
		4DE747ED29E431FE006C5308 /* MainCoordinator.swift in Sources */ = {isa = PBXBuildFile; fileRef = 4DE747EC29E431FE006C5308 /* MainCoordinator.swift */; };
		4DE747F029E43248006C5308 /* Coordinator.swift in Sources */ = {isa = PBXBuildFile; fileRef = 4DE747EF29E43248006C5308 /* Coordinator.swift */; };
		4DE747F729E43442006C5308 /* HomeCoordinator.swift in Sources */ = {isa = PBXBuildFile; fileRef = 4DE747F629E43442006C5308 /* HomeCoordinator.swift */; };
		4DE747FA29E435CC006C5308 /* APIClient.swift in Sources */ = {isa = PBXBuildFile; fileRef = 4DE747F929E435CC006C5308 /* APIClient.swift */; };
		4DE747FD29E43609006C5308 /* RequestErrors.swift in Sources */ = {isa = PBXBuildFile; fileRef = 4DE747FC29E43609006C5308 /* RequestErrors.swift */; };
		4DE7480329E43680006C5308 /* EndPointModel.swift in Sources */ = {isa = PBXBuildFile; fileRef = 4DE7480229E43680006C5308 /* EndPointModel.swift */; };
		4DE7480629E436CE006C5308 /* RequestMethods.swift in Sources */ = {isa = PBXBuildFile; fileRef = 4DE7480529E436CE006C5308 /* RequestMethods.swift */; };
		4DE7480929E43804006C5308 /* RepsotoryProvider.swift in Sources */ = {isa = PBXBuildFile; fileRef = 4DE7480829E43804006C5308 /* RepsotoryProvider.swift */; };
		4DE7480B29E4380E006C5308 /* RespositoryProviderProtocol.swift in Sources */ = {isa = PBXBuildFile; fileRef = 4DE7480A29E4380E006C5308 /* RespositoryProviderProtocol.swift */; };
		4DE7480F29E4384D006C5308 /* HomeRepository.swift in Sources */ = {isa = PBXBuildFile; fileRef = 4DE7480E29E4384D006C5308 /* HomeRepository.swift */; };
		4DE7481129E43865006C5308 /* HomeRepositoryProtocol.swift in Sources */ = {isa = PBXBuildFile; fileRef = 4DE7481029E43865006C5308 /* HomeRepositoryProtocol.swift */; };
		4DE7481329E438AC006C5308 /* LocationDTO.swift in Sources */ = {isa = PBXBuildFile; fileRef = 4DE7481229E438AC006C5308 /* LocationDTO.swift */; };
		4DE7481529E438B6006C5308 /* LocationModel.swift in Sources */ = {isa = PBXBuildFile; fileRef = 4DE7481429E438B6006C5308 /* LocationModel.swift */; };
		4DE7481729E438EB006C5308 /* PositionModel.swift in Sources */ = {isa = PBXBuildFile; fileRef = 4DE7481629E438EB006C5308 /* PositionModel.swift */; };
		4DE7481929E4393A006C5308 /* CompanyZone.swift in Sources */ = {isa = PBXBuildFile; fileRef = 4DE7481829E4393A006C5308 /* CompanyZone.swift */; };
		4DE7481B29E43CA2006C5308 /* HomeRepositoryTest.swift in Sources */ = {isa = PBXBuildFile; fileRef = 4DE7481A29E43CA2006C5308 /* HomeRepositoryTest.swift */; };
		4DE7481D29E44270006C5308 /* LocationDTOMock.swift in Sources */ = {isa = PBXBuildFile; fileRef = 4DE7481C29E44270006C5308 /* LocationDTOMock.swift */; };
		4DE7482129E48057006C5308 /* HomeViewModel.swift in Sources */ = {isa = PBXBuildFile; fileRef = 4DE7482029E48057006C5308 /* HomeViewModel.swift */; };
		4DE7482529E480B4006C5308 /* HomeRouterProtocol.swift in Sources */ = {isa = PBXBuildFile; fileRef = 4DE7482429E480B4006C5308 /* HomeRouterProtocol.swift */; };
		4DE7482729E480BE006C5308 /* HomeRouter.swift in Sources */ = {isa = PBXBuildFile; fileRef = 4DE7482629E480BE006C5308 /* HomeRouter.swift */; };
		4DE7482929E4812C006C5308 /* HomeOutput.swift in Sources */ = {isa = PBXBuildFile; fileRef = 4DE7482829E4812C006C5308 /* HomeOutput.swift */; };
		4DE7482B29E48135006C5308 /* HomeInput.swift in Sources */ = {isa = PBXBuildFile; fileRef = 4DE7482A29E48135006C5308 /* HomeInput.swift */; };
		4DE7482D29E48201006C5308 /* HomeViewModelTest.swift in Sources */ = {isa = PBXBuildFile; fileRef = 4DE7482C29E48201006C5308 /* HomeViewModelTest.swift */; };
		4DE7483029E48355006C5308 /* UIViewControllerExtensions.swift in Sources */ = {isa = PBXBuildFile; fileRef = 4DE7482F29E48355006C5308 /* UIViewControllerExtensions.swift */; };
		4DE7483329E4839A006C5308 /* Atoms.swift in Sources */ = {isa = PBXBuildFile; fileRef = 4DE7483229E4839A006C5308 /* Atoms.swift */; };
		4DE7483529E483A6006C5308 /* Loaders.swift in Sources */ = {isa = PBXBuildFile; fileRef = 4DE7483429E483A6006C5308 /* Loaders.swift */; };
		4DE7483729E485A7006C5308 /* LocationMock.swift in Sources */ = {isa = PBXBuildFile; fileRef = 4DE7483629E485A7006C5308 /* LocationMock.swift */; };
		4DE7483D29E494E8006C5308 /* GoogleMapView.swift in Sources */ = {isa = PBXBuildFile; fileRef = 4DE7483C29E494E8006C5308 /* GoogleMapView.swift */; };
		4DE7484029E49562006C5308 /* Molecules.swift in Sources */ = {isa = PBXBuildFile; fileRef = 4DE7483F29E49562006C5308 /* Molecules.swift */; };
		4DE7484229E4956D006C5308 /* Views.swift in Sources */ = {isa = PBXBuildFile; fileRef = 4DE7484129E4956D006C5308 /* Views.swift */; };
		4DE7484429E49643006C5308 /* style.json in Resources */ = {isa = PBXBuildFile; fileRef = 4DE7484329E49643006C5308 /* style.json */; };
		4DE7484729E53ADE006C5308 /* MapModel.swift in Sources */ = {isa = PBXBuildFile; fileRef = 4DE7484629E53ADE006C5308 /* MapModel.swift */; };
		4DE7484929E53AF5006C5308 /* MarkerModel.swift in Sources */ = {isa = PBXBuildFile; fileRef = 4DE7484829E53AF5006C5308 /* MarkerModel.swift */; };
		4DE7484B29E595FB006C5308 /* BundleExtensions.swift in Sources */ = {isa = PBXBuildFile; fileRef = 4DE7484A29E595FB006C5308 /* BundleExtensions.swift */; };
		4DE7484E29E5992D006C5308 /* Strings.swift in Sources */ = {isa = PBXBuildFile; fileRef = 4DE7484D29E5992D006C5308 /* Strings.swift */; };
		4DE7485029E5A39C006C5308 /* MarkerInfoWindowView.swift in Sources */ = {isa = PBXBuildFile; fileRef = 4DE7484F29E5A39C006C5308 /* MarkerInfoWindowView.swift */; };
		4DE7485229E5A7F6006C5308 /* UITableViewExtension.swift in Sources */ = {isa = PBXBuildFile; fileRef = 4DE7485129E5A7F6006C5308 /* UITableViewExtension.swift */; };
		B5AFD551021DC81BD6AB953F /* Pods_Meep.framework in Frameworks */ = {isa = PBXBuildFile; fileRef = 982690CF0E27B33BB5E65C35 /* Pods_Meep.framework */; };
/* End PBXBuildFile section */

/* Begin PBXContainerItemProxy section */
		4DE747CE29E42199006C5308 /* PBXContainerItemProxy */ = {
			isa = PBXContainerItemProxy;
			containerPortal = 4DE747AF29E42194006C5308 /* Project object */;
			proxyType = 1;
			remoteGlobalIDString = 4DE747B629E42194006C5308;
			remoteInfo = Meep;
		};
		4DE747D829E42199006C5308 /* PBXContainerItemProxy */ = {
			isa = PBXContainerItemProxy;
			containerPortal = 4DE747AF29E42194006C5308 /* Project object */;
			proxyType = 1;
			remoteGlobalIDString = 4DE747B629E42194006C5308;
			remoteInfo = Meep;
		};
/* End PBXContainerItemProxy section */

/* Begin PBXFileReference section */
		4D2E60CF29E5BCE500681E8E /* MarkerView.swift */ = {isa = PBXFileReference; lastKnownFileType = sourcecode.swift; path = MarkerView.swift; sourceTree = "<group>"; };
		4D2E60D129E5CEC200681E8E /* MarkerIconModel.swift */ = {isa = PBXFileReference; lastKnownFileType = sourcecode.swift; path = MarkerIconModel.swift; sourceTree = "<group>"; };
		4D2E60D329E5D3AB00681E8E /* MarkerInfoModel.swift */ = {isa = PBXFileReference; lastKnownFileType = sourcecode.swift; path = MarkerInfoModel.swift; sourceTree = "<group>"; };
		4D2E60D529E5D71700681E8E /* Labels.swift */ = {isa = PBXFileReference; lastKnownFileType = sourcecode.swift; path = Labels.swift; sourceTree = "<group>"; };
		4D2E60D729E5D82500681E8E /* Spacings.swift */ = {isa = PBXFileReference; lastKnownFileType = sourcecode.swift; path = Spacings.swift; sourceTree = "<group>"; };
		4D4A3D1329E6E02100B80C12 /* DetailViewController.swift */ = {isa = PBXFileReference; lastKnownFileType = sourcecode.swift; path = DetailViewController.swift; sourceTree = "<group>"; };
		4D4A3D1B29E6E32800B80C12 /* DetailInput.swift */ = {isa = PBXFileReference; lastKnownFileType = sourcecode.swift; path = DetailInput.swift; sourceTree = "<group>"; };
		4D4A3D1D29E6E33000B80C12 /* DetailOutput.swift */ = {isa = PBXFileReference; lastKnownFileType = sourcecode.swift; path = DetailOutput.swift; sourceTree = "<group>"; };
		4D4A3D1F29E6E33900B80C12 /* DetailViewModel.swift */ = {isa = PBXFileReference; lastKnownFileType = sourcecode.swift; path = DetailViewModel.swift; sourceTree = "<group>"; };
		4D4A3D2129E6F5A700B80C12 /* DetailCellModel.swift */ = {isa = PBXFileReference; lastKnownFileType = sourcecode.swift; path = DetailCellModel.swift; sourceTree = "<group>"; };
		4D4A3D2329E6F85C00B80C12 /* DetailViewCell.swift */ = {isa = PBXFileReference; lastKnownFileType = sourcecode.swift; path = DetailViewCell.swift; sourceTree = "<group>"; };
		4DC3A04E29E6B3D900588ABA /* AlertModel.swift */ = {isa = PBXFileReference; lastKnownFileType = sourcecode.swift; path = AlertModel.swift; sourceTree = "<group>"; };
		4DE747B729E42194006C5308 /* Meep.app */ = {isa = PBXFileReference; explicitFileType = wrapper.application; includeInIndex = 0; path = Meep.app; sourceTree = BUILT_PRODUCTS_DIR; };
		4DE747BA29E42194006C5308 /* AppDelegate.swift */ = {isa = PBXFileReference; lastKnownFileType = sourcecode.swift; path = AppDelegate.swift; sourceTree = "<group>"; };
		4DE747BC29E42194006C5308 /* SceneDelegate.swift */ = {isa = PBXFileReference; lastKnownFileType = sourcecode.swift; path = SceneDelegate.swift; sourceTree = "<group>"; };
		4DE747BE29E42194006C5308 /* HomeViewController.swift */ = {isa = PBXFileReference; lastKnownFileType = sourcecode.swift; path = HomeViewController.swift; sourceTree = "<group>"; };
		4DE747C329E42198006C5308 /* Assets.xcassets */ = {isa = PBXFileReference; lastKnownFileType = folder.assetcatalog; path = Assets.xcassets; sourceTree = "<group>"; };
		4DE747C629E42198006C5308 /* Base */ = {isa = PBXFileReference; lastKnownFileType = file.storyboard; name = Base; path = Base.lproj/LaunchScreen.storyboard; sourceTree = "<group>"; };
		4DE747C829E42198006C5308 /* Info.plist */ = {isa = PBXFileReference; lastKnownFileType = text.plist.xml; path = Info.plist; sourceTree = "<group>"; };
		4DE747CD29E42199006C5308 /* MeepTests.xctest */ = {isa = PBXFileReference; explicitFileType = wrapper.cfbundle; includeInIndex = 0; path = MeepTests.xctest; sourceTree = BUILT_PRODUCTS_DIR; };
		4DE747D129E42199006C5308 /* MeepTests.swift */ = {isa = PBXFileReference; lastKnownFileType = sourcecode.swift; path = MeepTests.swift; sourceTree = "<group>"; };
		4DE747D729E42199006C5308 /* MeepUITests.xctest */ = {isa = PBXFileReference; explicitFileType = wrapper.cfbundle; includeInIndex = 0; path = MeepUITests.xctest; sourceTree = BUILT_PRODUCTS_DIR; };
		4DE747DB29E42199006C5308 /* MeepUITests.swift */ = {isa = PBXFileReference; lastKnownFileType = sourcecode.swift; path = MeepUITests.swift; sourceTree = "<group>"; };
		4DE747DD29E42199006C5308 /* MeepUITestsLaunchTests.swift */ = {isa = PBXFileReference; lastKnownFileType = sourcecode.swift; path = MeepUITestsLaunchTests.swift; sourceTree = "<group>"; };
		4DE747EC29E431FE006C5308 /* MainCoordinator.swift */ = {isa = PBXFileReference; lastKnownFileType = sourcecode.swift; path = MainCoordinator.swift; sourceTree = "<group>"; };
		4DE747EF29E43248006C5308 /* Coordinator.swift */ = {isa = PBXFileReference; lastKnownFileType = sourcecode.swift; path = Coordinator.swift; sourceTree = "<group>"; };
		4DE747F629E43442006C5308 /* HomeCoordinator.swift */ = {isa = PBXFileReference; lastKnownFileType = sourcecode.swift; path = HomeCoordinator.swift; sourceTree = "<group>"; };
		4DE747F929E435CC006C5308 /* APIClient.swift */ = {isa = PBXFileReference; lastKnownFileType = sourcecode.swift; path = APIClient.swift; sourceTree = "<group>"; };
		4DE747FC29E43609006C5308 /* RequestErrors.swift */ = {isa = PBXFileReference; lastKnownFileType = sourcecode.swift; path = RequestErrors.swift; sourceTree = "<group>"; };
		4DE7480229E43680006C5308 /* EndPointModel.swift */ = {isa = PBXFileReference; lastKnownFileType = sourcecode.swift; path = EndPointModel.swift; sourceTree = "<group>"; };
		4DE7480529E436CE006C5308 /* RequestMethods.swift */ = {isa = PBXFileReference; lastKnownFileType = sourcecode.swift; path = RequestMethods.swift; sourceTree = "<group>"; };
		4DE7480829E43804006C5308 /* RepsotoryProvider.swift */ = {isa = PBXFileReference; lastKnownFileType = sourcecode.swift; path = RepsotoryProvider.swift; sourceTree = "<group>"; };
		4DE7480A29E4380E006C5308 /* RespositoryProviderProtocol.swift */ = {isa = PBXFileReference; lastKnownFileType = sourcecode.swift; path = RespositoryProviderProtocol.swift; sourceTree = "<group>"; };
		4DE7480E29E4384D006C5308 /* HomeRepository.swift */ = {isa = PBXFileReference; lastKnownFileType = sourcecode.swift; path = HomeRepository.swift; sourceTree = "<group>"; };
		4DE7481029E43865006C5308 /* HomeRepositoryProtocol.swift */ = {isa = PBXFileReference; lastKnownFileType = sourcecode.swift; path = HomeRepositoryProtocol.swift; sourceTree = "<group>"; };
		4DE7481229E438AC006C5308 /* LocationDTO.swift */ = {isa = PBXFileReference; lastKnownFileType = sourcecode.swift; path = LocationDTO.swift; sourceTree = "<group>"; };
		4DE7481429E438B6006C5308 /* LocationModel.swift */ = {isa = PBXFileReference; lastKnownFileType = sourcecode.swift; path = LocationModel.swift; sourceTree = "<group>"; };
		4DE7481629E438EB006C5308 /* PositionModel.swift */ = {isa = PBXFileReference; lastKnownFileType = sourcecode.swift; path = PositionModel.swift; sourceTree = "<group>"; };
		4DE7481829E4393A006C5308 /* CompanyZone.swift */ = {isa = PBXFileReference; lastKnownFileType = sourcecode.swift; path = CompanyZone.swift; sourceTree = "<group>"; };
		4DE7481A29E43CA2006C5308 /* HomeRepositoryTest.swift */ = {isa = PBXFileReference; lastKnownFileType = sourcecode.swift; path = HomeRepositoryTest.swift; sourceTree = "<group>"; };
		4DE7481C29E44270006C5308 /* LocationDTOMock.swift */ = {isa = PBXFileReference; lastKnownFileType = sourcecode.swift; path = LocationDTOMock.swift; sourceTree = "<group>"; };
		4DE7482029E48057006C5308 /* HomeViewModel.swift */ = {isa = PBXFileReference; lastKnownFileType = sourcecode.swift; path = HomeViewModel.swift; sourceTree = "<group>"; };
		4DE7482429E480B4006C5308 /* HomeRouterProtocol.swift */ = {isa = PBXFileReference; lastKnownFileType = sourcecode.swift; path = HomeRouterProtocol.swift; sourceTree = "<group>"; };
		4DE7482629E480BE006C5308 /* HomeRouter.swift */ = {isa = PBXFileReference; lastKnownFileType = sourcecode.swift; path = HomeRouter.swift; sourceTree = "<group>"; };
		4DE7482829E4812C006C5308 /* HomeOutput.swift */ = {isa = PBXFileReference; lastKnownFileType = sourcecode.swift; path = HomeOutput.swift; sourceTree = "<group>"; };
		4DE7482A29E48135006C5308 /* HomeInput.swift */ = {isa = PBXFileReference; lastKnownFileType = sourcecode.swift; path = HomeInput.swift; sourceTree = "<group>"; };
		4DE7482C29E48201006C5308 /* HomeViewModelTest.swift */ = {isa = PBXFileReference; lastKnownFileType = sourcecode.swift; path = HomeViewModelTest.swift; sourceTree = "<group>"; };
		4DE7482F29E48355006C5308 /* UIViewControllerExtensions.swift */ = {isa = PBXFileReference; lastKnownFileType = sourcecode.swift; path = UIViewControllerExtensions.swift; sourceTree = "<group>"; };
		4DE7483229E4839A006C5308 /* Atoms.swift */ = {isa = PBXFileReference; lastKnownFileType = sourcecode.swift; path = Atoms.swift; sourceTree = "<group>"; };
		4DE7483429E483A6006C5308 /* Loaders.swift */ = {isa = PBXFileReference; lastKnownFileType = sourcecode.swift; path = Loaders.swift; sourceTree = "<group>"; };
		4DE7483629E485A7006C5308 /* LocationMock.swift */ = {isa = PBXFileReference; lastKnownFileType = sourcecode.swift; path = LocationMock.swift; sourceTree = "<group>"; };
		4DE7483C29E494E8006C5308 /* GoogleMapView.swift */ = {isa = PBXFileReference; lastKnownFileType = sourcecode.swift; path = GoogleMapView.swift; sourceTree = "<group>"; };
		4DE7483F29E49562006C5308 /* Molecules.swift */ = {isa = PBXFileReference; lastKnownFileType = sourcecode.swift; path = Molecules.swift; sourceTree = "<group>"; };
		4DE7484129E4956D006C5308 /* Views.swift */ = {isa = PBXFileReference; lastKnownFileType = sourcecode.swift; path = Views.swift; sourceTree = "<group>"; };
		4DE7484329E49643006C5308 /* style.json */ = {isa = PBXFileReference; fileEncoding = 4; lastKnownFileType = text.json; path = style.json; sourceTree = "<group>"; };
		4DE7484629E53ADE006C5308 /* MapModel.swift */ = {isa = PBXFileReference; lastKnownFileType = sourcecode.swift; path = MapModel.swift; sourceTree = "<group>"; };
		4DE7484829E53AF5006C5308 /* MarkerModel.swift */ = {isa = PBXFileReference; lastKnownFileType = sourcecode.swift; path = MarkerModel.swift; sourceTree = "<group>"; };
		4DE7484A29E595FB006C5308 /* BundleExtensions.swift */ = {isa = PBXFileReference; lastKnownFileType = sourcecode.swift; path = BundleExtensions.swift; sourceTree = "<group>"; };
		4DE7484D29E5992D006C5308 /* Strings.swift */ = {isa = PBXFileReference; lastKnownFileType = sourcecode.swift; path = Strings.swift; sourceTree = "<group>"; };
		4DE7484F29E5A39C006C5308 /* MarkerInfoWindowView.swift */ = {isa = PBXFileReference; lastKnownFileType = sourcecode.swift; path = MarkerInfoWindowView.swift; sourceTree = "<group>"; };
		4DE7485129E5A7F6006C5308 /* UITableViewExtension.swift */ = {isa = PBXFileReference; lastKnownFileType = sourcecode.swift; path = UITableViewExtension.swift; sourceTree = "<group>"; };
		982690CF0E27B33BB5E65C35 /* Pods_Meep.framework */ = {isa = PBXFileReference; explicitFileType = wrapper.framework; includeInIndex = 0; path = Pods_Meep.framework; sourceTree = BUILT_PRODUCTS_DIR; };
		B23616C3EEA0837EEE19B6B0 /* Pods-Meep.release.xcconfig */ = {isa = PBXFileReference; includeInIndex = 1; lastKnownFileType = text.xcconfig; name = "Pods-Meep.release.xcconfig"; path = "Target Support Files/Pods-Meep/Pods-Meep.release.xcconfig"; sourceTree = "<group>"; };
		D843776A788130C7ADAC76C1 /* Pods-Meep.debug.xcconfig */ = {isa = PBXFileReference; includeInIndex = 1; lastKnownFileType = text.xcconfig; name = "Pods-Meep.debug.xcconfig"; path = "Target Support Files/Pods-Meep/Pods-Meep.debug.xcconfig"; sourceTree = "<group>"; };
/* End PBXFileReference section */

/* Begin PBXFrameworksBuildPhase section */
		4DE747B429E42194006C5308 /* Frameworks */ = {
			isa = PBXFrameworksBuildPhase;
			buildActionMask = 2147483647;
			files = (
				B5AFD551021DC81BD6AB953F /* Pods_Meep.framework in Frameworks */,
			);
			runOnlyForDeploymentPostprocessing = 0;
		};
		4DE747CA29E42199006C5308 /* Frameworks */ = {
			isa = PBXFrameworksBuildPhase;
			buildActionMask = 2147483647;
			files = (
			);
			runOnlyForDeploymentPostprocessing = 0;
		};
		4DE747D429E42199006C5308 /* Frameworks */ = {
			isa = PBXFrameworksBuildPhase;
			buildActionMask = 2147483647;
			files = (
			);
			runOnlyForDeploymentPostprocessing = 0;
		};
/* End PBXFrameworksBuildPhase section */

/* Begin PBXGroup section */
		4D4A3D1229E6D61400B80C12 /* Coponents */ = {
			isa = PBXGroup;
			children = (
				4DE7483829E494B4006C5308 /* Map */,
			);
			path = Coponents;
			sourceTree = "<group>";
		};
		4D4A3D1529E6E13F00B80C12 /* Detail */ = {
			isa = PBXGroup;
			children = (
				4D4A3D1729E6E14A00B80C12 /* ViewModel */,
				4D4A3D1629E6E14400B80C12 /* ViewController */,
			);
			path = Detail;
			sourceTree = "<group>";
		};
		4D4A3D1629E6E14400B80C12 /* ViewController */ = {
			isa = PBXGroup;
			children = (
				4D4A3D1329E6E02100B80C12 /* DetailViewController.swift */,
				4D4A3D1D29E6E33000B80C12 /* DetailOutput.swift */,
			);
			path = ViewController;
			sourceTree = "<group>";
		};
		4D4A3D1729E6E14A00B80C12 /* ViewModel */ = {
			isa = PBXGroup;
			children = (
				4D4A3D1B29E6E32800B80C12 /* DetailInput.swift */,
				4D4A3D1F29E6E33900B80C12 /* DetailViewModel.swift */,
			);
			path = ViewModel;
			sourceTree = "<group>";
		};
		4DE747AE29E42194006C5308 = {
			isa = PBXGroup;
			children = (
				4DE747B929E42194006C5308 /* Meep */,
				4DE747D029E42199006C5308 /* MeepTests */,
				4DE747DA29E42199006C5308 /* MeepUITests */,
				4DE747B829E42194006C5308 /* Products */,
				5DB6185E47AB917BD7CFA239 /* Pods */,
				6BBACF14AFB2133C5A8DE101 /* Frameworks */,
			);
			sourceTree = "<group>";
		};
		4DE747B829E42194006C5308 /* Products */ = {
			isa = PBXGroup;
			children = (
				4DE747B729E42194006C5308 /* Meep.app */,
				4DE747CD29E42199006C5308 /* MeepTests.xctest */,
				4DE747D729E42199006C5308 /* MeepUITests.xctest */,
			);
			name = Products;
			sourceTree = "<group>";
		};
		4DE747B929E42194006C5308 /* Meep */ = {
			isa = PBXGroup;
			children = (
				4DE747EA29E4313A006C5308 /* Resources */,
				4DE747EB29E431E5006C5308 /* Src */,
				4DE747BA29E42194006C5308 /* AppDelegate.swift */,
				4DE747BC29E42194006C5308 /* SceneDelegate.swift */,
				4DE747EC29E431FE006C5308 /* MainCoordinator.swift */,
			);
			path = Meep;
			sourceTree = "<group>";
		};
		4DE747D029E42199006C5308 /* MeepTests */ = {
			isa = PBXGroup;
			children = (
				4DE7481E29E44273006C5308 /* Mocks */,
				4DE747D129E42199006C5308 /* MeepTests.swift */,
				4DE7482C29E48201006C5308 /* HomeViewModelTest.swift */,
				4DE7481A29E43CA2006C5308 /* HomeRepositoryTest.swift */,
			);
			path = MeepTests;
			sourceTree = "<group>";
		};
		4DE747DA29E42199006C5308 /* MeepUITests */ = {
			isa = PBXGroup;
			children = (
				4DE747DB29E42199006C5308 /* MeepUITests.swift */,
				4DE747DD29E42199006C5308 /* MeepUITestsLaunchTests.swift */,
			);
			path = MeepUITests;
			sourceTree = "<group>";
		};
		4DE747EA29E4313A006C5308 /* Resources */ = {
			isa = PBXGroup;
			children = (
				4DE7484329E49643006C5308 /* style.json */,
				4DE747C329E42198006C5308 /* Assets.xcassets */,
				4DE747C529E42198006C5308 /* LaunchScreen.storyboard */,
				4DE747C829E42198006C5308 /* Info.plist */,
				4DE7483129E48387006C5308 /* Atoms */,
				4DE7483E29E49542006C5308 /* Molecules */,
				4DE7484C29E59908006C5308 /* Localizations */,
			);
			path = Resources;
			sourceTree = "<group>";
		};
		4DE747EB29E431E5006C5308 /* Src */ = {
			isa = PBXGroup;
			children = (
				4DE7480729E437DC006C5308 /* Repositories */,
				4DE747FE29E43647006C5308 /* Models */,
				4DE747F829E435B9006C5308 /* Managers */,
				4DE747F229E432A8006C5308 /* Modules */,
				4DE747EE29E43235006C5308 /* Utils */,
			);
			path = Src;
			sourceTree = "<group>";
		};
		4DE747EE29E43235006C5308 /* Utils */ = {
			isa = PBXGroup;
			children = (
				4DE7482E29E48345006C5308 /* Extensions */,
				4DE7480429E436BD006C5308 /* Enums */,
				4DE747F129E4324B006C5308 /* Protocols */,
			);
			path = Utils;
			sourceTree = "<group>";
		};
		4DE747F129E4324B006C5308 /* Protocols */ = {
			isa = PBXGroup;
			children = (
				4DE747EF29E43248006C5308 /* Coordinator.swift */,
			);
			path = Protocols;
			sourceTree = "<group>";
		};
		4DE747F229E432A8006C5308 /* Modules */ = {
			isa = PBXGroup;
			children = (
				4D4A3D1529E6E13F00B80C12 /* Detail */,
				4D4A3D1229E6D61400B80C12 /* Coponents */,
				4DE747F329E4340E006C5308 /* Home */,
			);
			path = Modules;
			sourceTree = "<group>";
		};
		4DE747F329E4340E006C5308 /* Home */ = {
			isa = PBXGroup;
			children = (
				4DE7481F29E48049006C5308 /* ViewModel */,
				4DE747F529E4342F006C5308 /* ViewController */,
				4DE747F429E43428006C5308 /* Coordinator */,
			);
			path = Home;
			sourceTree = "<group>";
		};
		4DE747F429E43428006C5308 /* Coordinator */ = {
			isa = PBXGroup;
			children = (
				4DE7482329E480A3006C5308 /* Router */,
				4DE747F629E43442006C5308 /* HomeCoordinator.swift */,
			);
			path = Coordinator;
			sourceTree = "<group>";
		};
		4DE747F529E4342F006C5308 /* ViewController */ = {
			isa = PBXGroup;
			children = (
				4DE747BE29E42194006C5308 /* HomeViewController.swift */,
				4DE7482829E4812C006C5308 /* HomeOutput.swift */,
			);
			path = ViewController;
			sourceTree = "<group>";
		};
		4DE747F829E435B9006C5308 /* Managers */ = {
			isa = PBXGroup;
			children = (
				4DE747FB29E435EA006C5308 /* API */,
			);
			path = Managers;
			sourceTree = "<group>";
		};
		4DE747FB29E435EA006C5308 /* API */ = {
			isa = PBXGroup;
			children = (
				4DE747F929E435CC006C5308 /* APIClient.swift */,
			);
			path = API;
			sourceTree = "<group>";
		};
		4DE747FE29E43647006C5308 /* Models */ = {
			isa = PBXGroup;
			children = (
				4DE7480029E4365C006C5308 /* APP */,
				4DE7480129E43662006C5308 /* DTO */,
			);
			path = Models;
			sourceTree = "<group>";
		};
		4DE7480029E4365C006C5308 /* APP */ = {
			isa = PBXGroup;
			children = (
				4DE7480229E43680006C5308 /* EndPointModel.swift */,
				4DE7481429E438B6006C5308 /* LocationModel.swift */,
				4DE7481629E438EB006C5308 /* PositionModel.swift */,
				4DE7484629E53ADE006C5308 /* MapModel.swift */,
				4DE7484829E53AF5006C5308 /* MarkerModel.swift */,
				4D2E60D129E5CEC200681E8E /* MarkerIconModel.swift */,
				4D2E60D329E5D3AB00681E8E /* MarkerInfoModel.swift */,
				4DC3A04E29E6B3D900588ABA /* AlertModel.swift */,
				4D4A3D2129E6F5A700B80C12 /* DetailCellModel.swift */,
			);
			path = APP;
			sourceTree = "<group>";
		};
		4DE7480129E43662006C5308 /* DTO */ = {
			isa = PBXGroup;
			children = (
				4DE7481229E438AC006C5308 /* LocationDTO.swift */,
			);
			path = DTO;
			sourceTree = "<group>";
		};
		4DE7480429E436BD006C5308 /* Enums */ = {
			isa = PBXGroup;
			children = (
				4DE747FC29E43609006C5308 /* RequestErrors.swift */,
				4DE7480529E436CE006C5308 /* RequestMethods.swift */,
				4DE7481829E4393A006C5308 /* CompanyZone.swift */,
				4D2E60D729E5D82500681E8E /* Spacings.swift */,
			);
			path = Enums;
			sourceTree = "<group>";
		};
		4DE7480729E437DC006C5308 /* Repositories */ = {
			isa = PBXGroup;
			children = (
				4DE7480D29E43839006C5308 /* RepositoryProvider */,
				4DE7480C29E43824006C5308 /* HomeRepository */,
			);
			path = Repositories;
			sourceTree = "<group>";
		};
		4DE7480C29E43824006C5308 /* HomeRepository */ = {
			isa = PBXGroup;
			children = (
				4DE7481029E43865006C5308 /* HomeRepositoryProtocol.swift */,
				4DE7480E29E4384D006C5308 /* HomeRepository.swift */,
			);
			path = HomeRepository;
			sourceTree = "<group>";
		};
		4DE7480D29E43839006C5308 /* RepositoryProvider */ = {
			isa = PBXGroup;
			children = (
				4DE7480A29E4380E006C5308 /* RespositoryProviderProtocol.swift */,
				4DE7480829E43804006C5308 /* RepsotoryProvider.swift */,
			);
			path = RepositoryProvider;
			sourceTree = "<group>";
		};
		4DE7481E29E44273006C5308 /* Mocks */ = {
			isa = PBXGroup;
			children = (
				4DE7481C29E44270006C5308 /* LocationDTOMock.swift */,
				4DE7483629E485A7006C5308 /* LocationMock.swift */,
			);
			path = Mocks;
			sourceTree = "<group>";
		};
		4DE7481F29E48049006C5308 /* ViewModel */ = {
			isa = PBXGroup;
			children = (
				4DE7482029E48057006C5308 /* HomeViewModel.swift */,
				4DE7482A29E48135006C5308 /* HomeInput.swift */,
			);
			path = ViewModel;
			sourceTree = "<group>";
		};
		4DE7482329E480A3006C5308 /* Router */ = {
			isa = PBXGroup;
			children = (
				4DE7482429E480B4006C5308 /* HomeRouterProtocol.swift */,
				4DE7482629E480BE006C5308 /* HomeRouter.swift */,
			);
			path = Router;
			sourceTree = "<group>";
		};
		4DE7482E29E48345006C5308 /* Extensions */ = {
			isa = PBXGroup;
			children = (
				4DE7482F29E48355006C5308 /* UIViewControllerExtensions.swift */,
				4DE7484A29E595FB006C5308 /* BundleExtensions.swift */,
				4DE7485129E5A7F6006C5308 /* UITableViewExtension.swift */,
			);
			path = Extensions;
			sourceTree = "<group>";
		};
		4DE7483129E48387006C5308 /* Atoms */ = {
			isa = PBXGroup;
			children = (
				4DE7483229E4839A006C5308 /* Atoms.swift */,
				4DE7483429E483A6006C5308 /* Loaders.swift */,
				4D2E60D529E5D71700681E8E /* Labels.swift */,
			);
			path = Atoms;
			sourceTree = "<group>";
		};
		4DE7483829E494B4006C5308 /* Map */ = {
			isa = PBXGroup;
			children = (
				4DE7483C29E494E8006C5308 /* GoogleMapView.swift */,
				4DE7484F29E5A39C006C5308 /* MarkerInfoWindowView.swift */,
				4D2E60CF29E5BCE500681E8E /* MarkerView.swift */,
				4D4A3D2329E6F85C00B80C12 /* DetailViewCell.swift */,
			);
			path = Map;
			sourceTree = "<group>";
		};
		4DE7483E29E49542006C5308 /* Molecules */ = {
			isa = PBXGroup;
			children = (
				4DE7483F29E49562006C5308 /* Molecules.swift */,
				4DE7484129E4956D006C5308 /* Views.swift */,
			);
			path = Molecules;
			sourceTree = "<group>";
		};
		4DE7484C29E59908006C5308 /* Localizations */ = {
			isa = PBXGroup;
			children = (
				4DE7484D29E5992D006C5308 /* Strings.swift */,
			);
			path = Localizations;
			sourceTree = "<group>";
		};
		5DB6185E47AB917BD7CFA239 /* Pods */ = {
			isa = PBXGroup;
			children = (
				D843776A788130C7ADAC76C1 /* Pods-Meep.debug.xcconfig */,
				B23616C3EEA0837EEE19B6B0 /* Pods-Meep.release.xcconfig */,
			);
			path = Pods;
			sourceTree = "<group>";
		};
		6BBACF14AFB2133C5A8DE101 /* Frameworks */ = {
			isa = PBXGroup;
			children = (
				982690CF0E27B33BB5E65C35 /* Pods_Meep.framework */,
			);
			name = Frameworks;
			sourceTree = "<group>";
		};
/* End PBXGroup section */

/* Begin PBXNativeTarget section */
		4DE747B629E42194006C5308 /* Meep */ = {
			isa = PBXNativeTarget;
			buildConfigurationList = 4DE747E129E42199006C5308 /* Build configuration list for PBXNativeTarget "Meep" */;
			buildPhases = (
				32A8A37D7A11615D446ACA70 /* [CP] Check Pods Manifest.lock */,
				4DE747B329E42194006C5308 /* Sources */,
				4DE747B429E42194006C5308 /* Frameworks */,
				4DE747B529E42194006C5308 /* Resources */,
				A3EF4B4EDEDEC83ABDB7323D /* [CP] Copy Pods Resources */,
			);
			buildRules = (
			);
			dependencies = (
			);
			name = Meep;
			productName = Meep;
			productReference = 4DE747B729E42194006C5308 /* Meep.app */;
			productType = "com.apple.product-type.application";
		};
		4DE747CC29E42199006C5308 /* MeepTests */ = {
			isa = PBXNativeTarget;
			buildConfigurationList = 4DE747E429E42199006C5308 /* Build configuration list for PBXNativeTarget "MeepTests" */;
			buildPhases = (
				4DE747C929E42199006C5308 /* Sources */,
				4DE747CA29E42199006C5308 /* Frameworks */,
				4DE747CB29E42199006C5308 /* Resources */,
			);
			buildRules = (
			);
			dependencies = (
				4DE747CF29E42199006C5308 /* PBXTargetDependency */,
			);
			name = MeepTests;
			productName = MeepTests;
			productReference = 4DE747CD29E42199006C5308 /* MeepTests.xctest */;
			productType = "com.apple.product-type.bundle.unit-test";
		};
		4DE747D629E42199006C5308 /* MeepUITests */ = {
			isa = PBXNativeTarget;
			buildConfigurationList = 4DE747E729E42199006C5308 /* Build configuration list for PBXNativeTarget "MeepUITests" */;
			buildPhases = (
				4DE747D329E42199006C5308 /* Sources */,
				4DE747D429E42199006C5308 /* Frameworks */,
				4DE747D529E42199006C5308 /* Resources */,
			);
			buildRules = (
			);
			dependencies = (
				4DE747D929E42199006C5308 /* PBXTargetDependency */,
			);
			name = MeepUITests;
			productName = MeepUITests;
			productReference = 4DE747D729E42199006C5308 /* MeepUITests.xctest */;
			productType = "com.apple.product-type.bundle.ui-testing";
		};
/* End PBXNativeTarget section */

/* Begin PBXProject section */
		4DE747AF29E42194006C5308 /* Project object */ = {
			isa = PBXProject;
			attributes = {
				BuildIndependentTargetsInParallel = 1;
				LastSwiftUpdateCheck = 1400;
				LastUpgradeCheck = 1400;
				TargetAttributes = {
					4DE747B629E42194006C5308 = {
						CreatedOnToolsVersion = 14.0.1;
					};
					4DE747CC29E42199006C5308 = {
						CreatedOnToolsVersion = 14.0.1;
						TestTargetID = 4DE747B629E42194006C5308;
					};
					4DE747D629E42199006C5308 = {
						CreatedOnToolsVersion = 14.0.1;
						TestTargetID = 4DE747B629E42194006C5308;
					};
				};
			};
			buildConfigurationList = 4DE747B229E42194006C5308 /* Build configuration list for PBXProject "Meep" */;
			compatibilityVersion = "Xcode 14.0";
			developmentRegion = en;
			hasScannedForEncodings = 0;
			knownRegions = (
				en,
				Base,
			);
			mainGroup = 4DE747AE29E42194006C5308;
			productRefGroup = 4DE747B829E42194006C5308 /* Products */;
			projectDirPath = "";
			projectRoot = "";
			targets = (
				4DE747B629E42194006C5308 /* Meep */,
				4DE747CC29E42199006C5308 /* MeepTests */,
				4DE747D629E42199006C5308 /* MeepUITests */,
			);
		};
/* End PBXProject section */

/* Begin PBXResourcesBuildPhase section */
		4DE747B529E42194006C5308 /* Resources */ = {
			isa = PBXResourcesBuildPhase;
			buildActionMask = 2147483647;
			files = (
				4DE7484429E49643006C5308 /* style.json in Resources */,
				4DE747C729E42198006C5308 /* LaunchScreen.storyboard in Resources */,
				4DE747C429E42198006C5308 /* Assets.xcassets in Resources */,
			);
			runOnlyForDeploymentPostprocessing = 0;
		};
		4DE747CB29E42199006C5308 /* Resources */ = {
			isa = PBXResourcesBuildPhase;
			buildActionMask = 2147483647;
			files = (
			);
			runOnlyForDeploymentPostprocessing = 0;
		};
		4DE747D529E42199006C5308 /* Resources */ = {
			isa = PBXResourcesBuildPhase;
			buildActionMask = 2147483647;
			files = (
			);
			runOnlyForDeploymentPostprocessing = 0;
		};
/* End PBXResourcesBuildPhase section */

/* Begin PBXShellScriptBuildPhase section */
		32A8A37D7A11615D446ACA70 /* [CP] Check Pods Manifest.lock */ = {
			isa = PBXShellScriptBuildPhase;
			buildActionMask = 2147483647;
			files = (
			);
			inputFileListPaths = (
			);
			inputPaths = (
				"${PODS_PODFILE_DIR_PATH}/Podfile.lock",
				"${PODS_ROOT}/Manifest.lock",
			);
			name = "[CP] Check Pods Manifest.lock";
			outputFileListPaths = (
			);
			outputPaths = (
				"$(DERIVED_FILE_DIR)/Pods-Meep-checkManifestLockResult.txt",
			);
			runOnlyForDeploymentPostprocessing = 0;
			shellPath = /bin/sh;
			shellScript = "diff \"${PODS_PODFILE_DIR_PATH}/Podfile.lock\" \"${PODS_ROOT}/Manifest.lock\" > /dev/null\nif [ $? != 0 ] ; then\n    # print error to STDERR\n    echo \"error: The sandbox is not in sync with the Podfile.lock. Run 'pod install' or update your CocoaPods installation.\" >&2\n    exit 1\nfi\n# This output is used by Xcode 'outputs' to avoid re-running this script phase.\necho \"SUCCESS\" > \"${SCRIPT_OUTPUT_FILE_0}\"\n";
			showEnvVarsInLog = 0;
		};
		A3EF4B4EDEDEC83ABDB7323D /* [CP] Copy Pods Resources */ = {
			isa = PBXShellScriptBuildPhase;
			buildActionMask = 2147483647;
			files = (
			);
			inputFileListPaths = (
				"${PODS_ROOT}/Target Support Files/Pods-Meep/Pods-Meep-resources-${CONFIGURATION}-input-files.xcfilelist",
			);
			name = "[CP] Copy Pods Resources";
			outputFileListPaths = (
				"${PODS_ROOT}/Target Support Files/Pods-Meep/Pods-Meep-resources-${CONFIGURATION}-output-files.xcfilelist",
			);
			runOnlyForDeploymentPostprocessing = 0;
			shellPath = /bin/sh;
			shellScript = "\"${PODS_ROOT}/Target Support Files/Pods-Meep/Pods-Meep-resources.sh\"\n";
			showEnvVarsInLog = 0;
		};
/* End PBXShellScriptBuildPhase section */

/* Begin PBXSourcesBuildPhase section */
		4DE747B329E42194006C5308 /* Sources */ = {
			isa = PBXSourcesBuildPhase;
			buildActionMask = 2147483647;
			files = (
				4DE7483529E483A6006C5308 /* Loaders.swift in Sources */,
				4D2E60D829E5D82500681E8E /* Spacings.swift in Sources */,
				4DE7484E29E5992D006C5308 /* Strings.swift in Sources */,
				4DE7484B29E595FB006C5308 /* BundleExtensions.swift in Sources */,
				4DC3A04F29E6B3D900588ABA /* AlertModel.swift in Sources */,
				4DE7482129E48057006C5308 /* HomeViewModel.swift in Sources */,
				4D2E60D029E5BCE500681E8E /* MarkerView.swift in Sources */,
				4D2E60D629E5D71700681E8E /* Labels.swift in Sources */,
				4DE7480929E43804006C5308 /* RepsotoryProvider.swift in Sources */,
				4D4A3D1C29E6E32800B80C12 /* DetailInput.swift in Sources */,
				4DE7484029E49562006C5308 /* Molecules.swift in Sources */,
				4DE7485229E5A7F6006C5308 /* UITableViewExtension.swift in Sources */,
				4DE7480F29E4384D006C5308 /* HomeRepository.swift in Sources */,
				4D4A3D2029E6E33900B80C12 /* DetailViewModel.swift in Sources */,
				4DE7482529E480B4006C5308 /* HomeRouterProtocol.swift in Sources */,
				4DE7481529E438B6006C5308 /* LocationModel.swift in Sources */,
				4DE7481929E4393A006C5308 /* CompanyZone.swift in Sources */,
				4DE7481129E43865006C5308 /* HomeRepositoryProtocol.swift in Sources */,
				4D4A3D2429E6F85C00B80C12 /* DetailViewCell.swift in Sources */,
				4DE7482B29E48135006C5308 /* HomeInput.swift in Sources */,
				4DE7485029E5A39C006C5308 /* MarkerInfoWindowView.swift in Sources */,
				4DE7480629E436CE006C5308 /* RequestMethods.swift in Sources */,
				4DE747FA29E435CC006C5308 /* APIClient.swift in Sources */,
				4DE747BF29E42194006C5308 /* HomeViewController.swift in Sources */,
				4DE7481729E438EB006C5308 /* PositionModel.swift in Sources */,
				4DE7484929E53AF5006C5308 /* MarkerModel.swift in Sources */,
				4DE7480B29E4380E006C5308 /* RespositoryProviderProtocol.swift in Sources */,
				4DE747ED29E431FE006C5308 /* MainCoordinator.swift in Sources */,
				4DE7484729E53ADE006C5308 /* MapModel.swift in Sources */,
				4D2E60D229E5CEC200681E8E /* MarkerIconModel.swift in Sources */,
				4DE7480329E43680006C5308 /* EndPointModel.swift in Sources */,
				4D2E60D429E5D3AB00681E8E /* MarkerInfoModel.swift in Sources */,
				4DE747F029E43248006C5308 /* Coordinator.swift in Sources */,
				4DE7483029E48355006C5308 /* UIViewControllerExtensions.swift in Sources */,
				4D4A3D1429E6E02100B80C12 /* DetailViewController.swift in Sources */,
				4D4A3D1E29E6E33000B80C12 /* DetailOutput.swift in Sources */,
				4DE747FD29E43609006C5308 /* RequestErrors.swift in Sources */,
				4DE7482729E480BE006C5308 /* HomeRouter.swift in Sources */,
				4DE747BB29E42194006C5308 /* AppDelegate.swift in Sources */,
				4DE7481329E438AC006C5308 /* LocationDTO.swift in Sources */,
				4DE7483D29E494E8006C5308 /* GoogleMapView.swift in Sources */,
				4DE747BD29E42194006C5308 /* SceneDelegate.swift in Sources */,
				4DE747F729E43442006C5308 /* HomeCoordinator.swift in Sources */,
				4DE7482929E4812C006C5308 /* HomeOutput.swift in Sources */,
				4DE7483329E4839A006C5308 /* Atoms.swift in Sources */,
				4D4A3D2229E6F5A700B80C12 /* DetailCellModel.swift in Sources */,
				4DE7484229E4956D006C5308 /* Views.swift in Sources */,
			);
			runOnlyForDeploymentPostprocessing = 0;
		};
		4DE747C929E42199006C5308 /* Sources */ = {
			isa = PBXSourcesBuildPhase;
			buildActionMask = 2147483647;
			files = (
				4DE7483729E485A7006C5308 /* LocationMock.swift in Sources */,
				4DE7481B29E43CA2006C5308 /* HomeRepositoryTest.swift in Sources */,
				4DE7481D29E44270006C5308 /* LocationDTOMock.swift in Sources */,
				4DE747D229E42199006C5308 /* MeepTests.swift in Sources */,
				4DE7482D29E48201006C5308 /* HomeViewModelTest.swift in Sources */,
			);
			runOnlyForDeploymentPostprocessing = 0;
		};
		4DE747D329E42199006C5308 /* Sources */ = {
			isa = PBXSourcesBuildPhase;
			buildActionMask = 2147483647;
			files = (
				4DE747DC29E42199006C5308 /* MeepUITests.swift in Sources */,
				4DE747DE29E42199006C5308 /* MeepUITestsLaunchTests.swift in Sources */,
			);
			runOnlyForDeploymentPostprocessing = 0;
		};
/* End PBXSourcesBuildPhase section */

/* Begin PBXTargetDependency section */
		4DE747CF29E42199006C5308 /* PBXTargetDependency */ = {
			isa = PBXTargetDependency;
			target = 4DE747B629E42194006C5308 /* Meep */;
			targetProxy = 4DE747CE29E42199006C5308 /* PBXContainerItemProxy */;
		};
		4DE747D929E42199006C5308 /* PBXTargetDependency */ = {
			isa = PBXTargetDependency;
			target = 4DE747B629E42194006C5308 /* Meep */;
			targetProxy = 4DE747D829E42199006C5308 /* PBXContainerItemProxy */;
		};
/* End PBXTargetDependency section */

/* Begin PBXVariantGroup section */
		4DE747C529E42198006C5308 /* LaunchScreen.storyboard */ = {
			isa = PBXVariantGroup;
			children = (
				4DE747C629E42198006C5308 /* Base */,
			);
			name = LaunchScreen.storyboard;
			sourceTree = "<group>";
		};
/* End PBXVariantGroup section */

/* Begin XCBuildConfiguration section */
		4DE747DF29E42199006C5308 /* Debug */ = {
			isa = XCBuildConfiguration;
			buildSettings = {
				ALWAYS_SEARCH_USER_PATHS = NO;
				CLANG_ANALYZER_NONNULL = YES;
				CLANG_ANALYZER_NUMBER_OBJECT_CONVERSION = YES_AGGRESSIVE;
				CLANG_CXX_LANGUAGE_STANDARD = "gnu++20";
				CLANG_ENABLE_MODULES = YES;
				CLANG_ENABLE_OBJC_ARC = YES;
				CLANG_ENABLE_OBJC_WEAK = YES;
				CLANG_WARN_BLOCK_CAPTURE_AUTORELEASING = YES;
				CLANG_WARN_BOOL_CONVERSION = YES;
				CLANG_WARN_COMMA = YES;
				CLANG_WARN_CONSTANT_CONVERSION = YES;
				CLANG_WARN_DEPRECATED_OBJC_IMPLEMENTATIONS = YES;
				CLANG_WARN_DIRECT_OBJC_ISA_USAGE = YES_ERROR;
				CLANG_WARN_DOCUMENTATION_COMMENTS = YES;
				CLANG_WARN_EMPTY_BODY = YES;
				CLANG_WARN_ENUM_CONVERSION = YES;
				CLANG_WARN_INFINITE_RECURSION = YES;
				CLANG_WARN_INT_CONVERSION = YES;
				CLANG_WARN_NON_LITERAL_NULL_CONVERSION = YES;
				CLANG_WARN_OBJC_IMPLICIT_RETAIN_SELF = YES;
				CLANG_WARN_OBJC_LITERAL_CONVERSION = YES;
				CLANG_WARN_OBJC_ROOT_CLASS = YES_ERROR;
				CLANG_WARN_QUOTED_INCLUDE_IN_FRAMEWORK_HEADER = YES;
				CLANG_WARN_RANGE_LOOP_ANALYSIS = YES;
				CLANG_WARN_STRICT_PROTOTYPES = YES;
				CLANG_WARN_SUSPICIOUS_MOVE = YES;
				CLANG_WARN_UNGUARDED_AVAILABILITY = YES_AGGRESSIVE;
				CLANG_WARN_UNREACHABLE_CODE = YES;
				CLANG_WARN__DUPLICATE_METHOD_MATCH = YES;
				COPY_PHASE_STRIP = NO;
				DEBUG_INFORMATION_FORMAT = dwarf;
				ENABLE_STRICT_OBJC_MSGSEND = YES;
				ENABLE_TESTABILITY = YES;
				GCC_C_LANGUAGE_STANDARD = gnu11;
				GCC_DYNAMIC_NO_PIC = NO;
				GCC_NO_COMMON_BLOCKS = YES;
				GCC_OPTIMIZATION_LEVEL = 0;
				GCC_PREPROCESSOR_DEFINITIONS = (
					"DEBUG=1",
					"$(inherited)",
				);
				GCC_WARN_64_TO_32_BIT_CONVERSION = YES;
				GCC_WARN_ABOUT_RETURN_TYPE = YES_ERROR;
				GCC_WARN_UNDECLARED_SELECTOR = YES;
				GCC_WARN_UNINITIALIZED_AUTOS = YES_AGGRESSIVE;
				GCC_WARN_UNUSED_FUNCTION = YES;
				GCC_WARN_UNUSED_VARIABLE = YES;
				IPHONEOS_DEPLOYMENT_TARGET = 16.0;
				MTL_ENABLE_DEBUG_INFO = INCLUDE_SOURCE;
				MTL_FAST_MATH = YES;
				ONLY_ACTIVE_ARCH = YES;
				SDKROOT = iphoneos;
				SWIFT_ACTIVE_COMPILATION_CONDITIONS = DEBUG;
				SWIFT_OPTIMIZATION_LEVEL = "-Onone";
			};
			name = Debug;
		};
		4DE747E029E42199006C5308 /* Release */ = {
			isa = XCBuildConfiguration;
			buildSettings = {
				ALWAYS_SEARCH_USER_PATHS = NO;
				CLANG_ANALYZER_NONNULL = YES;
				CLANG_ANALYZER_NUMBER_OBJECT_CONVERSION = YES_AGGRESSIVE;
				CLANG_CXX_LANGUAGE_STANDARD = "gnu++20";
				CLANG_ENABLE_MODULES = YES;
				CLANG_ENABLE_OBJC_ARC = YES;
				CLANG_ENABLE_OBJC_WEAK = YES;
				CLANG_WARN_BLOCK_CAPTURE_AUTORELEASING = YES;
				CLANG_WARN_BOOL_CONVERSION = YES;
				CLANG_WARN_COMMA = YES;
				CLANG_WARN_CONSTANT_CONVERSION = YES;
				CLANG_WARN_DEPRECATED_OBJC_IMPLEMENTATIONS = YES;
				CLANG_WARN_DIRECT_OBJC_ISA_USAGE = YES_ERROR;
				CLANG_WARN_DOCUMENTATION_COMMENTS = YES;
				CLANG_WARN_EMPTY_BODY = YES;
				CLANG_WARN_ENUM_CONVERSION = YES;
				CLANG_WARN_INFINITE_RECURSION = YES;
				CLANG_WARN_INT_CONVERSION = YES;
				CLANG_WARN_NON_LITERAL_NULL_CONVERSION = YES;
				CLANG_WARN_OBJC_IMPLICIT_RETAIN_SELF = YES;
				CLANG_WARN_OBJC_LITERAL_CONVERSION = YES;
				CLANG_WARN_OBJC_ROOT_CLASS = YES_ERROR;
				CLANG_WARN_QUOTED_INCLUDE_IN_FRAMEWORK_HEADER = YES;
				CLANG_WARN_RANGE_LOOP_ANALYSIS = YES;
				CLANG_WARN_STRICT_PROTOTYPES = YES;
				CLANG_WARN_SUSPICIOUS_MOVE = YES;
				CLANG_WARN_UNGUARDED_AVAILABILITY = YES_AGGRESSIVE;
				CLANG_WARN_UNREACHABLE_CODE = YES;
				CLANG_WARN__DUPLICATE_METHOD_MATCH = YES;
				COPY_PHASE_STRIP = NO;
				DEBUG_INFORMATION_FORMAT = "dwarf-with-dsym";
				ENABLE_NS_ASSERTIONS = NO;
				ENABLE_STRICT_OBJC_MSGSEND = YES;
				GCC_C_LANGUAGE_STANDARD = gnu11;
				GCC_NO_COMMON_BLOCKS = YES;
				GCC_WARN_64_TO_32_BIT_CONVERSION = YES;
				GCC_WARN_ABOUT_RETURN_TYPE = YES_ERROR;
				GCC_WARN_UNDECLARED_SELECTOR = YES;
				GCC_WARN_UNINITIALIZED_AUTOS = YES_AGGRESSIVE;
				GCC_WARN_UNUSED_FUNCTION = YES;
				GCC_WARN_UNUSED_VARIABLE = YES;
				IPHONEOS_DEPLOYMENT_TARGET = 16.0;
				MTL_ENABLE_DEBUG_INFO = NO;
				MTL_FAST_MATH = YES;
				SDKROOT = iphoneos;
				SWIFT_COMPILATION_MODE = wholemodule;
				SWIFT_OPTIMIZATION_LEVEL = "-O";
				VALIDATE_PRODUCT = YES;
			};
			name = Release;
		};
		4DE747E229E42199006C5308 /* Debug */ = {
			isa = XCBuildConfiguration;
			baseConfigurationReference = D843776A788130C7ADAC76C1 /* Pods-Meep.debug.xcconfig */;
			buildSettings = {
				ASSETCATALOG_COMPILER_APPICON_NAME = AppIcon;
				ASSETCATALOG_COMPILER_GLOBAL_ACCENT_COLOR_NAME = AccentColor;
				CODE_SIGN_STYLE = Automatic;
				CURRENT_PROJECT_VERSION = 1;
				DEVELOPMENT_TEAM = 566L645D68;
				GENERATE_INFOPLIST_FILE = YES;
				INFOPLIST_FILE = Meep/Info.plist;
				INFOPLIST_KEY_UIApplicationSupportsIndirectInputEvents = YES;
				INFOPLIST_KEY_UILaunchStoryboardName = LaunchScreen;
				INFOPLIST_KEY_UISupportedInterfaceOrientations = UIInterfaceOrientationPortrait;
				LD_RUNPATH_SEARCH_PATHS = (
					"$(inherited)",
					"@executable_path/Frameworks",
				);
				MARKETING_VERSION = 1.0;
				PRODUCT_BUNDLE_IDENTIFIER = com.guillermo.Meep;
				PRODUCT_NAME = "$(TARGET_NAME)";
				SWIFT_EMIT_LOC_STRINGS = YES;
				SWIFT_VERSION = 5.0;
				TARGETED_DEVICE_FAMILY = "1,2";
			};
			name = Debug;
		};
		4DE747E329E42199006C5308 /* Release */ = {
			isa = XCBuildConfiguration;
			baseConfigurationReference = B23616C3EEA0837EEE19B6B0 /* Pods-Meep.release.xcconfig */;
			buildSettings = {
				ASSETCATALOG_COMPILER_APPICON_NAME = AppIcon;
				ASSETCATALOG_COMPILER_GLOBAL_ACCENT_COLOR_NAME = AccentColor;
				CODE_SIGN_STYLE = Automatic;
				CURRENT_PROJECT_VERSION = 1;
				DEVELOPMENT_TEAM = 566L645D68;
				GENERATE_INFOPLIST_FILE = YES;
				INFOPLIST_FILE = Meep/Info.plist;
				INFOPLIST_KEY_UIApplicationSupportsIndirectInputEvents = YES;
				INFOPLIST_KEY_UILaunchStoryboardName = LaunchScreen;
				INFOPLIST_KEY_UISupportedInterfaceOrientations = UIInterfaceOrientationPortrait;
				LD_RUNPATH_SEARCH_PATHS = (
					"$(inherited)",
					"@executable_path/Frameworks",
				);
				MARKETING_VERSION = 1.0;
				PRODUCT_BUNDLE_IDENTIFIER = com.guillermo.Meep;
				PRODUCT_NAME = "$(TARGET_NAME)";
				SWIFT_EMIT_LOC_STRINGS = YES;
				SWIFT_VERSION = 5.0;
				TARGETED_DEVICE_FAMILY = "1,2";
			};
			name = Release;
		};
		4DE747E529E42199006C5308 /* Debug */ = {
			isa = XCBuildConfiguration;
			buildSettings = {
				ALWAYS_EMBED_SWIFT_STANDARD_LIBRARIES = YES;
				BUNDLE_LOADER = "$(TEST_HOST)";
				CODE_SIGN_STYLE = Automatic;
				CURRENT_PROJECT_VERSION = 1;
				DEVELOPMENT_TEAM = 566L645D68;
				GENERATE_INFOPLIST_FILE = YES;
				IPHONEOS_DEPLOYMENT_TARGET = 16.0;
				MARKETING_VERSION = 1.0;
				PRODUCT_BUNDLE_IDENTIFIER = com.guillermo.MeepTests;
				PRODUCT_NAME = "$(TARGET_NAME)";
				SWIFT_EMIT_LOC_STRINGS = NO;
				SWIFT_VERSION = 5.0;
				TARGETED_DEVICE_FAMILY = "1,2";
				TEST_HOST = "$(BUILT_PRODUCTS_DIR)/Meep.app/$(BUNDLE_EXECUTABLE_FOLDER_PATH)/Meep";
			};
			name = Debug;
		};
		4DE747E629E42199006C5308 /* Release */ = {
			isa = XCBuildConfiguration;
			buildSettings = {
				ALWAYS_EMBED_SWIFT_STANDARD_LIBRARIES = YES;
				BUNDLE_LOADER = "$(TEST_HOST)";
				CODE_SIGN_STYLE = Automatic;
				CURRENT_PROJECT_VERSION = 1;
				DEVELOPMENT_TEAM = 566L645D68;
				GENERATE_INFOPLIST_FILE = YES;
				IPHONEOS_DEPLOYMENT_TARGET = 16.0;
				MARKETING_VERSION = 1.0;
				PRODUCT_BUNDLE_IDENTIFIER = com.guillermo.MeepTests;
				PRODUCT_NAME = "$(TARGET_NAME)";
				SWIFT_EMIT_LOC_STRINGS = NO;
				SWIFT_VERSION = 5.0;
				TARGETED_DEVICE_FAMILY = "1,2";
				TEST_HOST = "$(BUILT_PRODUCTS_DIR)/Meep.app/$(BUNDLE_EXECUTABLE_FOLDER_PATH)/Meep";
			};
			name = Release;
		};
		4DE747E829E42199006C5308 /* Debug */ = {
			isa = XCBuildConfiguration;
			buildSettings = {
				ALWAYS_EMBED_SWIFT_STANDARD_LIBRARIES = YES;
				CODE_SIGN_STYLE = Automatic;
				CURRENT_PROJECT_VERSION = 1;
				DEVELOPMENT_TEAM = 566L645D68;
				GENERATE_INFOPLIST_FILE = YES;
				MARKETING_VERSION = 1.0;
				PRODUCT_BUNDLE_IDENTIFIER = com.guillermo.MeepUITests;
				PRODUCT_NAME = "$(TARGET_NAME)";
				SWIFT_EMIT_LOC_STRINGS = NO;
				SWIFT_VERSION = 5.0;
				TARGETED_DEVICE_FAMILY = "1,2";
				TEST_TARGET_NAME = Meep;
			};
			name = Debug;
		};
		4DE747E929E42199006C5308 /* Release */ = {
			isa = XCBuildConfiguration;
			buildSettings = {
				ALWAYS_EMBED_SWIFT_STANDARD_LIBRARIES = YES;
				CODE_SIGN_STYLE = Automatic;
				CURRENT_PROJECT_VERSION = 1;
				DEVELOPMENT_TEAM = 566L645D68;
				GENERATE_INFOPLIST_FILE = YES;
				MARKETING_VERSION = 1.0;
				PRODUCT_BUNDLE_IDENTIFIER = com.guillermo.MeepUITests;
				PRODUCT_NAME = "$(TARGET_NAME)";
				SWIFT_EMIT_LOC_STRINGS = NO;
				SWIFT_VERSION = 5.0;
				TARGETED_DEVICE_FAMILY = "1,2";
				TEST_TARGET_NAME = Meep;
			};
			name = Release;
		};
/* End XCBuildConfiguration section */

/* Begin XCConfigurationList section */
		4DE747B229E42194006C5308 /* Build configuration list for PBXProject "Meep" */ = {
			isa = XCConfigurationList;
			buildConfigurations = (
				4DE747DF29E42199006C5308 /* Debug */,
				4DE747E029E42199006C5308 /* Release */,
			);
			defaultConfigurationIsVisible = 0;
			defaultConfigurationName = Release;
		};
		4DE747E129E42199006C5308 /* Build configuration list for PBXNativeTarget "Meep" */ = {
			isa = XCConfigurationList;
			buildConfigurations = (
				4DE747E229E42199006C5308 /* Debug */,
				4DE747E329E42199006C5308 /* Release */,
			);
			defaultConfigurationIsVisible = 0;
			defaultConfigurationName = Release;
		};
		4DE747E429E42199006C5308 /* Build configuration list for PBXNativeTarget "MeepTests" */ = {
			isa = XCConfigurationList;
			buildConfigurations = (
				4DE747E529E42199006C5308 /* Debug */,
				4DE747E629E42199006C5308 /* Release */,
			);
			defaultConfigurationIsVisible = 0;
			defaultConfigurationName = Release;
		};
		4DE747E729E42199006C5308 /* Build configuration list for PBXNativeTarget "MeepUITests" */ = {
			isa = XCConfigurationList;
			buildConfigurations = (
				4DE747E829E42199006C5308 /* Debug */,
				4DE747E929E42199006C5308 /* Release */,
			);
			defaultConfigurationIsVisible = 0;
			defaultConfigurationName = Release;
		};
/* End XCConfigurationList section */
	};
	rootObject = 4DE747AF29E42194006C5308 /* Project object */;
}
